// !$*UTF8*$!
{
	archiveVersion = 1;
	classes = {
	};
	objectVersion = 56;
	objects = {

/* Begin PBXBuildFile section */
		C7FBBA0E2C2D59C2000A968F /* cashcowsApp.swift in Sources */ = {isa = PBXBuildFile; fileRef = C7FBBA0D2C2D59C2000A968F /* cashcowsApp.swift */; };
		C7FBBA102C2D59C2000A968F /* ContentView.swift in Sources */ = {isa = PBXBuildFile; fileRef = C7FBBA0F2C2D59C2000A968F /* ContentView.swift */; };
		C7FBBA122C2D59C2000A968F /* Item.swift in Sources */ = {isa = PBXBuildFile; fileRef = C7FBBA112C2D59C2000A968F /* Item.swift */; };
		C7FBBA142C2D59C6000A968F /* Assets.xcassets in Resources */ = {isa = PBXBuildFile; fileRef = C7FBBA132C2D59C6000A968F /* Assets.xcassets */; };
		C7FBBA182C2D59C6000A968F /* Preview Assets.xcassets in Resources */ = {isa = PBXBuildFile; fileRef = C7FBBA172C2D59C6000A968F /* Preview Assets.xcassets */; };
		C7FBBA222C2D59C7000A968F /* cashcowsTests.swift in Sources */ = {isa = PBXBuildFile; fileRef = C7FBBA212C2D59C7000A968F /* cashcowsTests.swift */; };
		C7FBBA2C2C2D59C7000A968F /* cashcowsUITests.swift in Sources */ = {isa = PBXBuildFile; fileRef = C7FBBA2B2C2D59C7000A968F /* cashcowsUITests.swift */; };
		C7FBBA2E2C2D59C7000A968F /* cashcowsUITestsLaunchTests.swift in Sources */ = {isa = PBXBuildFile; fileRef = C7FBBA2D2C2D59C7000A968F /* cashcowsUITestsLaunchTests.swift */; };
/* End PBXBuildFile section */

/* Begin PBXContainerItemProxy section */
		C7FBBA1E2C2D59C7000A968F /* PBXContainerItemProxy */ = {
			isa = PBXContainerItemProxy;
			containerPortal = C7FBBA022C2D59C1000A968F /* Project object */;
			proxyType = 1;
			remoteGlobalIDString = C7FBBA092C2D59C1000A968F;
			remoteInfo = cashcows;
		};
		C7FBBA282C2D59C7000A968F /* PBXContainerItemProxy */ = {
			isa = PBXContainerItemProxy;
			containerPortal = C7FBBA022C2D59C1000A968F /* Project object */;
			proxyType = 1;
			remoteGlobalIDString = C7FBBA092C2D59C1000A968F;
			remoteInfo = cashcows;
		};
/* End PBXContainerItemProxy section */

/* Begin PBXFileReference section */
		C7FBBA0A2C2D59C2000A968F /* cashcows.app */ = {isa = PBXFileReference; explicitFileType = wrapper.application; includeInIndex = 0; path = cashcows.app; sourceTree = BUILT_PRODUCTS_DIR; };
		C7FBBA0D2C2D59C2000A968F /* cashcowsApp.swift */ = {isa = PBXFileReference; lastKnownFileType = sourcecode.swift; path = cashcowsApp.swift; sourceTree = "<group>"; };
		C7FBBA0F2C2D59C2000A968F /* ContentView.swift */ = {isa = PBXFileReference; lastKnownFileType = sourcecode.swift; path = ContentView.swift; sourceTree = "<group>"; };
		C7FBBA112C2D59C2000A968F /* Item.swift */ = {isa = PBXFileReference; lastKnownFileType = sourcecode.swift; path = Item.swift; sourceTree = "<group>"; };
		C7FBBA132C2D59C6000A968F /* Assets.xcassets */ = {isa = PBXFileReference; lastKnownFileType = folder.assetcatalog; path = Assets.xcassets; sourceTree = "<group>"; };
		C7FBBA152C2D59C6000A968F /* cashcows.entitlements */ = {isa = PBXFileReference; lastKnownFileType = text.plist.entitlements; path = cashcows.entitlements; sourceTree = "<group>"; };
		C7FBBA172C2D59C6000A968F /* Preview Assets.xcassets */ = {isa = PBXFileReference; lastKnownFileType = folder.assetcatalog; path = "Preview Assets.xcassets"; sourceTree = "<group>"; };
		C7FBBA1D2C2D59C7000A968F /* cashcowsTests.xctest */ = {isa = PBXFileReference; explicitFileType = wrapper.cfbundle; includeInIndex = 0; path = cashcowsTests.xctest; sourceTree = BUILT_PRODUCTS_DIR; };
		C7FBBA212C2D59C7000A968F /* cashcowsTests.swift */ = {isa = PBXFileReference; lastKnownFileType = sourcecode.swift; path = cashcowsTests.swift; sourceTree = "<group>"; };
		C7FBBA272C2D59C7000A968F /* cashcowsUITests.xctest */ = {isa = PBXFileReference; explicitFileType = wrapper.cfbundle; includeInIndex = 0; path = cashcowsUITests.xctest; sourceTree = BUILT_PRODUCTS_DIR; };
		C7FBBA2B2C2D59C7000A968F /* cashcowsUITests.swift */ = {isa = PBXFileReference; lastKnownFileType = sourcecode.swift; path = cashcowsUITests.swift; sourceTree = "<group>"; };
		C7FBBA2D2C2D59C7000A968F /* cashcowsUITestsLaunchTests.swift */ = {isa = PBXFileReference; lastKnownFileType = sourcecode.swift; path = cashcowsUITestsLaunchTests.swift; sourceTree = "<group>"; };
/* End PBXFileReference section */

/* Begin PBXFrameworksBuildPhase section */
		C7FBBA072C2D59C1000A968F /* Frameworks */ = {
			isa = PBXFrameworksBuildPhase;
			buildActionMask = 2147483647;
			files = (
			);
			runOnlyForDeploymentPostprocessing = 0;
		};
		C7FBBA1A2C2D59C7000A968F /* Frameworks */ = {
			isa = PBXFrameworksBuildPhase;
			buildActionMask = 2147483647;
			files = (
			);
			runOnlyForDeploymentPostprocessing = 0;
		};
		C7FBBA242C2D59C7000A968F /* Frameworks */ = {
			isa = PBXFrameworksBuildPhase;
			buildActionMask = 2147483647;
			files = (
			);
			runOnlyForDeploymentPostprocessing = 0;
		};
/* End PBXFrameworksBuildPhase section */

/* Begin PBXGroup section */
		C7FBBA012C2D59C1000A968F = {
			isa = PBXGroup;
			children = (
				C7FBBA0C2C2D59C2000A968F /* cashcows */,
				C7FBBA202C2D59C7000A968F /* cashcowsTests */,
				C7FBBA2A2C2D59C7000A968F /* cashcowsUITests */,
				C7FBBA0B2C2D59C2000A968F /* Products */,
			);
			sourceTree = "<group>";
		};
		C7FBBA0B2C2D59C2000A968F /* Products */ = {
			isa = PBXGroup;
			children = (
				C7FBBA0A2C2D59C2000A968F /* cashcows.app */,
				C7FBBA1D2C2D59C7000A968F /* cashcowsTests.xctest */,
				C7FBBA272C2D59C7000A968F /* cashcowsUITests.xctest */,
			);
			name = Products;
			sourceTree = "<group>";
		};
		C7FBBA0C2C2D59C2000A968F /* cashcows */ = {
			isa = PBXGroup;
			children = (
				C7FBBA0D2C2D59C2000A968F /* cashcowsApp.swift */,
				C7FBBA0F2C2D59C2000A968F /* ContentView.swift */,
				C7FBBA112C2D59C2000A968F /* Item.swift */,
				C7FBBA132C2D59C6000A968F /* Assets.xcassets */,
				C7FBBA152C2D59C6000A968F /* cashcows.entitlements */,
				C7FBBA162C2D59C6000A968F /* Preview Content */,
			);
			path = cashcows;
			sourceTree = "<group>";
		};
		C7FBBA162C2D59C6000A968F /* Preview Content */ = {
			isa = PBXGroup;
			children = (
				C7FBBA172C2D59C6000A968F /* Preview Assets.xcassets */,
			);
			path = "Preview Content";
			sourceTree = "<group>";
		};
		C7FBBA202C2D59C7000A968F /* cashcowsTests */ = {
			isa = PBXGroup;
			children = (
				C7FBBA212C2D59C7000A968F /* cashcowsTests.swift */,
			);
			path = cashcowsTests;
			sourceTree = "<group>";
		};
		C7FBBA2A2C2D59C7000A968F /* cashcowsUITests */ = {
			isa = PBXGroup;
			children = (
				C7FBBA2B2C2D59C7000A968F /* cashcowsUITests.swift */,
				C7FBBA2D2C2D59C7000A968F /* cashcowsUITestsLaunchTests.swift */,
			);
			path = cashcowsUITests;
			sourceTree = "<group>";
		};
/* End PBXGroup section */

/* Begin PBXNativeTarget section */
		C7FBBA092C2D59C1000A968F /* cashcows */ = {
			isa = PBXNativeTarget;
			buildConfigurationList = C7FBBA312C2D59C7000A968F /* Build configuration list for PBXNativeTarget "cashcows" */;
			buildPhases = (
				C7FBBA062C2D59C1000A968F /* Sources */,
				C7FBBA072C2D59C1000A968F /* Frameworks */,
				C7FBBA082C2D59C1000A968F /* Resources */,
			);
			buildRules = (
			);
			dependencies = (
			);
			name = cashcows;
			productName = cashcows;
			productReference = C7FBBA0A2C2D59C2000A968F /* cashcows.app */;
			productType = "com.apple.product-type.application";
		};
		C7FBBA1C2C2D59C7000A968F /* cashcowsTests */ = {
			isa = PBXNativeTarget;
			buildConfigurationList = C7FBBA342C2D59C7000A968F /* Build configuration list for PBXNativeTarget "cashcowsTests" */;
			buildPhases = (
				C7FBBA192C2D59C7000A968F /* Sources */,
				C7FBBA1A2C2D59C7000A968F /* Frameworks */,
				C7FBBA1B2C2D59C7000A968F /* Resources */,
			);
			buildRules = (
			);
			dependencies = (
				C7FBBA1F2C2D59C7000A968F /* PBXTargetDependency */,
			);
			name = cashcowsTests;
			productName = cashcowsTests;
			productReference = C7FBBA1D2C2D59C7000A968F /* cashcowsTests.xctest */;
			productType = "com.apple.product-type.bundle.unit-test";
		};
		C7FBBA262C2D59C7000A968F /* cashcowsUITests */ = {
			isa = PBXNativeTarget;
			buildConfigurationList = C7FBBA372C2D59C7000A968F /* Build configuration list for PBXNativeTarget "cashcowsUITests" */;
			buildPhases = (
				C7FBBA232C2D59C7000A968F /* Sources */,
				C7FBBA242C2D59C7000A968F /* Frameworks */,
				C7FBBA252C2D59C7000A968F /* Resources */,
			);
			buildRules = (
			);
			dependencies = (
				C7FBBA292C2D59C7000A968F /* PBXTargetDependency */,
			);
			name = cashcowsUITests;
			productName = cashcowsUITests;
			productReference = C7FBBA272C2D59C7000A968F /* cashcowsUITests.xctest */;
			productType = "com.apple.product-type.bundle.ui-testing";
		};
/* End PBXNativeTarget section */

/* Begin PBXProject section */
		C7FBBA022C2D59C1000A968F /* Project object */ = {
			isa = PBXProject;
			attributes = {
				BuildIndependentTargetsInParallel = 1;
				LastSwiftUpdateCheck = 1540;
				LastUpgradeCheck = 1540;
				TargetAttributes = {
					C7FBBA092C2D59C1000A968F = {
						CreatedOnToolsVersion = 15.4;
					};
					C7FBBA1C2C2D59C7000A968F = {
						CreatedOnToolsVersion = 15.4;
						TestTargetID = C7FBBA092C2D59C1000A968F;
					};
					C7FBBA262C2D59C7000A968F = {
						CreatedOnToolsVersion = 15.4;
						TestTargetID = C7FBBA092C2D59C1000A968F;
					};
				};
			};
			buildConfigurationList = C7FBBA052C2D59C1000A968F /* Build configuration list for PBXProject "cashcows" */;
			compatibilityVersion = "Xcode 14.0";
			developmentRegion = en;
			hasScannedForEncodings = 0;
			knownRegions = (
				en,
				Base,
			);
			mainGroup = C7FBBA012C2D59C1000A968F;
			productRefGroup = C7FBBA0B2C2D59C2000A968F /* Products */;
			projectDirPath = "";
			projectRoot = "";
			targets = (
				C7FBBA092C2D59C1000A968F /* cashcows */,
				C7FBBA1C2C2D59C7000A968F /* cashcowsTests */,
				C7FBBA262C2D59C7000A968F /* cashcowsUITests */,
			);
		};
/* End PBXProject section */

/* Begin PBXResourcesBuildPhase section */
		C7FBBA082C2D59C1000A968F /* Resources */ = {
			isa = PBXResourcesBuildPhase;
			buildActionMask = 2147483647;
			files = (
				C7FBBA182C2D59C6000A968F /* Preview Assets.xcassets in Resources */,
				C7FBBA142C2D59C6000A968F /* Assets.xcassets in Resources */,
			);
			runOnlyForDeploymentPostprocessing = 0;
		};
		C7FBBA1B2C2D59C7000A968F /* Resources */ = {
			isa = PBXResourcesBuildPhase;
			buildActionMask = 2147483647;
			files = (
			);
			runOnlyForDeploymentPostprocessing = 0;
		};
		C7FBBA252C2D59C7000A968F /* Resources */ = {
			isa = PBXResourcesBuildPhase;
			buildActionMask = 2147483647;
			files = (
			);
			runOnlyForDeploymentPostprocessing = 0;
		};
/* End PBXResourcesBuildPhase section */

/* Begin PBXSourcesBuildPhase section */
		C7FBBA062C2D59C1000A968F /* Sources */ = {
			isa = PBXSourcesBuildPhase;
			buildActionMask = 2147483647;
			files = (
				C7FBBA102C2D59C2000A968F /* ContentView.swift in Sources */,
				C7FBBA122C2D59C2000A968F /* Item.swift in Sources */,
				C7FBBA0E2C2D59C2000A968F /* cashcowsApp.swift in Sources */,
			);
			runOnlyForDeploymentPostprocessing = 0;
		};
		C7FBBA192C2D59C7000A968F /* Sources */ = {
			isa = PBXSourcesBuildPhase;
			buildActionMask = 2147483647;
			files = (
				C7FBBA222C2D59C7000A968F /* cashcowsTests.swift in Sources */,
			);
			runOnlyForDeploymentPostprocessing = 0;
		};
		C7FBBA232C2D59C7000A968F /* Sources */ = {
			isa = PBXSourcesBuildPhase;
			buildActionMask = 2147483647;
			files = (
				C7FBBA2E2C2D59C7000A968F /* cashcowsUITestsLaunchTests.swift in Sources */,
				C7FBBA2C2C2D59C7000A968F /* cashcowsUITests.swift in Sources */,
			);
			runOnlyForDeploymentPostprocessing = 0;
		};
/* End PBXSourcesBuildPhase section */

/* Begin PBXTargetDependency section */
		C7FBBA1F2C2D59C7000A968F /* PBXTargetDependency */ = {
			isa = PBXTargetDependency;
			target = C7FBBA092C2D59C1000A968F /* cashcows */;
			targetProxy = C7FBBA1E2C2D59C7000A968F /* PBXContainerItemProxy */;
		};
		C7FBBA292C2D59C7000A968F /* PBXTargetDependency */ = {
			isa = PBXTargetDependency;
			target = C7FBBA092C2D59C1000A968F /* cashcows */;
			targetProxy = C7FBBA282C2D59C7000A968F /* PBXContainerItemProxy */;
		};
/* End PBXTargetDependency section */

/* Begin XCBuildConfiguration section */
		C7FBBA2F2C2D59C7000A968F /* Debug */ = {
			isa = XCBuildConfiguration;
			buildSettings = {
				ALWAYS_SEARCH_USER_PATHS = NO;
				ASSETCATALOG_COMPILER_GENERATE_SWIFT_ASSET_SYMBOL_EXTENSIONS = YES;
				CLANG_ANALYZER_NONNULL = YES;
				CLANG_ANALYZER_NUMBER_OBJECT_CONVERSION = YES_AGGRESSIVE;
				CLANG_CXX_LANGUAGE_STANDARD = "gnu++20";
				CLANG_ENABLE_MODULES = YES;
				CLANG_ENABLE_OBJC_ARC = YES;
				CLANG_ENABLE_OBJC_WEAK = YES;
				CLANG_WARN_BLOCK_CAPTURE_AUTORELEASING = YES;
				CLANG_WARN_BOOL_CONVERSION = YES;
				CLANG_WARN_COMMA = YES;
				CLANG_WARN_CONSTANT_CONVERSION = YES;
				CLANG_WARN_DEPRECATED_OBJC_IMPLEMENTATIONS = YES;
				CLANG_WARN_DIRECT_OBJC_ISA_USAGE = YES_ERROR;
				CLANG_WARN_DOCUMENTATION_COMMENTS = YES;
				CLANG_WARN_EMPTY_BODY = YES;
				CLANG_WARN_ENUM_CONVERSION = YES;
				CLANG_WARN_INFINITE_RECURSION = YES;
				CLANG_WARN_INT_CONVERSION = YES;
				CLANG_WARN_NON_LITERAL_NULL_CONVERSION = YES;
				CLANG_WARN_OBJC_IMPLICIT_RETAIN_SELF = YES;
				CLANG_WARN_OBJC_LITERAL_CONVERSION = YES;
				CLANG_WARN_OBJC_ROOT_CLASS = YES_ERROR;
				CLANG_WARN_QUOTED_INCLUDE_IN_FRAMEWORK_HEADER = YES;
				CLANG_WARN_RANGE_LOOP_ANALYSIS = YES;
				CLANG_WARN_STRICT_PROTOTYPES = YES;
				CLANG_WARN_SUSPICIOUS_MOVE = YES;
				CLANG_WARN_UNGUARDED_AVAILABILITY = YES_AGGRESSIVE;
				CLANG_WARN_UNREACHABLE_CODE = YES;
				CLANG_WARN__DUPLICATE_METHOD_MATCH = YES;
				COPY_PHASE_STRIP = NO;
				DEBUG_INFORMATION_FORMAT = dwarf;
				ENABLE_STRICT_OBJC_MSGSEND = YES;
				ENABLE_TESTABILITY = YES;
				ENABLE_USER_SCRIPT_SANDBOXING = YES;
				GCC_C_LANGUAGE_STANDARD = gnu17;
				GCC_DYNAMIC_NO_PIC = NO;
				GCC_NO_COMMON_BLOCKS = YES;
				GCC_OPTIMIZATION_LEVEL = 0;
				GCC_PREPROCESSOR_DEFINITIONS = (
					"DEBUG=1",
					"$(inherited)",
				);
				GCC_WARN_64_TO_32_BIT_CONVERSION = YES;
				GCC_WARN_ABOUT_RETURN_TYPE = YES_ERROR;
				GCC_WARN_UNDECLARED_SELECTOR = YES;
				GCC_WARN_UNINITIALIZED_AUTOS = YES_AGGRESSIVE;
				GCC_WARN_UNUSED_FUNCTION = YES;
				GCC_WARN_UNUSED_VARIABLE = YES;
				LOCALIZATION_PREFERS_STRING_CATALOGS = YES;
				MTL_ENABLE_DEBUG_INFO = INCLUDE_SOURCE;
				MTL_FAST_MATH = YES;
				ONLY_ACTIVE_ARCH = YES;
				SWIFT_ACTIVE_COMPILATION_CONDITIONS = "DEBUG $(inherited)";
				SWIFT_OPTIMIZATION_LEVEL = "-Onone";
			};
			name = Debug;
		};
		C7FBBA302C2D59C7000A968F /* Release */ = {
			isa = XCBuildConfiguration;
			buildSettings = {
				ALWAYS_SEARCH_USER_PATHS = NO;
				ASSETCATALOG_COMPILER_GENERATE_SWIFT_ASSET_SYMBOL_EXTENSIONS = YES;
				CLANG_ANALYZER_NONNULL = YES;
				CLANG_ANALYZER_NUMBER_OBJECT_CONVERSION = YES_AGGRESSIVE;
				CLANG_CXX_LANGUAGE_STANDARD = "gnu++20";
				CLANG_ENABLE_MODULES = YES;
				CLANG_ENABLE_OBJC_ARC = YES;
				CLANG_ENABLE_OBJC_WEAK = YES;
				CLANG_WARN_BLOCK_CAPTURE_AUTORELEASING = YES;
				CLANG_WARN_BOOL_CONVERSION = YES;
				CLANG_WARN_COMMA = YES;
				CLANG_WARN_CONSTANT_CONVERSION = YES;
				CLANG_WARN_DEPRECATED_OBJC_IMPLEMENTATIONS = YES;
				CLANG_WARN_DIRECT_OBJC_ISA_USAGE = YES_ERROR;
				CLANG_WARN_DOCUMENTATION_COMMENTS = YES;
				CLANG_WARN_EMPTY_BODY = YES;
				CLANG_WARN_ENUM_CONVERSION = YES;
				CLANG_WARN_INFINITE_RECURSION = YES;
				CLANG_WARN_INT_CONVERSION = YES;
				CLANG_WARN_NON_LITERAL_NULL_CONVERSION = YES;
				CLANG_WARN_OBJC_IMPLICIT_RETAIN_SELF = YES;
				CLANG_WARN_OBJC_LITERAL_CONVERSION = YES;
				CLANG_WARN_OBJC_ROOT_CLASS = YES_ERROR;
				CLANG_WARN_QUOTED_INCLUDE_IN_FRAMEWORK_HEADER = YES;
				CLANG_WARN_RANGE_LOOP_ANALYSIS = YES;
				CLANG_WARN_STRICT_PROTOTYPES = YES;
				CLANG_WARN_SUSPICIOUS_MOVE = YES;
				CLANG_WARN_UNGUARDED_AVAILABILITY = YES_AGGRESSIVE;
				CLANG_WARN_UNREACHABLE_CODE = YES;
				CLANG_WARN__DUPLICATE_METHOD_MATCH = YES;
				COPY_PHASE_STRIP = NO;
				DEBUG_INFORMATION_FORMAT = "dwarf-with-dsym";
				ENABLE_NS_ASSERTIONS = NO;
				ENABLE_STRICT_OBJC_MSGSEND = YES;
				ENABLE_USER_SCRIPT_SANDBOXING = YES;
				GCC_C_LANGUAGE_STANDARD = gnu17;
				GCC_NO_COMMON_BLOCKS = YES;
				GCC_WARN_64_TO_32_BIT_CONVERSION = YES;
				GCC_WARN_ABOUT_RETURN_TYPE = YES_ERROR;
				GCC_WARN_UNDECLARED_SELECTOR = YES;
				GCC_WARN_UNINITIALIZED_AUTOS = YES_AGGRESSIVE;
				GCC_WARN_UNUSED_FUNCTION = YES;
				GCC_WARN_UNUSED_VARIABLE = YES;
				LOCALIZATION_PREFERS_STRING_CATALOGS = YES;
				MTL_ENABLE_DEBUG_INFO = NO;
				MTL_FAST_MATH = YES;
				SWIFT_COMPILATION_MODE = wholemodule;
			};
			name = Release;
		};
		C7FBBA322C2D59C7000A968F /* Debug */ = {
			isa = XCBuildConfiguration;
			buildSettings = {
				ASSETCATALOG_COMPILER_APPICON_NAME = AppIcon;
				ASSETCATALOG_COMPILER_GLOBAL_ACCENT_COLOR_NAME = AccentColor;
				CODE_SIGN_ENTITLEMENTS = cashcows/cashcows.entitlements;
				CODE_SIGN_STYLE = Automatic;
				CURRENT_PROJECT_VERSION = 1;
				DEVELOPMENT_ASSET_PATHS = "\"cashcows/Preview Content\"";
				DEVELOPMENT_TEAM = L6AL42UD7S;
				ENABLE_HARDENED_RUNTIME = YES;
				ENABLE_PREVIEWS = YES;
				GENERATE_INFOPLIST_FILE = YES;
				"INFOPLIST_KEY_UIApplicationSceneManifest_Generation[sdk=iphoneos*]" = YES;
				"INFOPLIST_KEY_UIApplicationSceneManifest_Generation[sdk=iphonesimulator*]" = YES;
				"INFOPLIST_KEY_UIApplicationSupportsIndirectInputEvents[sdk=iphoneos*]" = YES;
				"INFOPLIST_KEY_UIApplicationSupportsIndirectInputEvents[sdk=iphonesimulator*]" = YES;
				"INFOPLIST_KEY_UILaunchScreen_Generation[sdk=iphoneos*]" = YES;
				"INFOPLIST_KEY_UILaunchScreen_Generation[sdk=iphonesimulator*]" = YES;
				"INFOPLIST_KEY_UIStatusBarStyle[sdk=iphoneos*]" = UIStatusBarStyleDefault;
				"INFOPLIST_KEY_UIStatusBarStyle[sdk=iphonesimulator*]" = UIStatusBarStyleDefault;
				INFOPLIST_KEY_UISupportedInterfaceOrientations_iPad = "UIInterfaceOrientationPortrait UIInterfaceOrientationPortraitUpsideDown UIInterfaceOrientationLandscapeLeft UIInterfaceOrientationLandscapeRight";
				INFOPLIST_KEY_UISupportedInterfaceOrientations_iPhone = "UIInterfaceOrientationPortrait UIInterfaceOrientationLandscapeLeft UIInterfaceOrientationLandscapeRight";
				IPHONEOS_DEPLOYMENT_TARGET = 17.5;
				LD_RUNPATH_SEARCH_PATHS = "@executable_path/Frameworks";
				"LD_RUNPATH_SEARCH_PATHS[sdk=macosx*]" = "@executable_path/../Frameworks";
				MACOSX_DEPLOYMENT_TARGET = 14.0;
				MARKETING_VERSION = 1.0;
				PRODUCT_BUNDLE_IDENTIFIER = eliseyutong.cashcows;
				PRODUCT_NAME = "$(TARGET_NAME)";
				SDKROOT = auto;
				SUPPORTED_PLATFORMS = "iphoneos iphonesimulator macosx";
				SWIFT_EMIT_LOC_STRINGS = YES;
				SWIFT_VERSION = 5.0;
				TARGETED_DEVICE_FAMILY = "1,2";
			};
			name = Debug;
		};
		C7FBBA332C2D59C7000A968F /* Release */ = {
			isa = XCBuildConfiguration;
			buildSettings = {
				ASSETCATALOG_COMPILER_APPICON_NAME = AppIcon;
				ASSETCATALOG_COMPILER_GLOBAL_ACCENT_COLOR_NAME = AccentColor;
				CODE_SIGN_ENTITLEMENTS = cashcows/cashcows.entitlements;
				CODE_SIGN_STYLE = Automatic;
				CURRENT_PROJECT_VERSION = 1;
				DEVELOPMENT_ASSET_PATHS = "\"cashcows/Preview Content\"";
				DEVELOPMENT_TEAM = L6AL42UD7S;
				ENABLE_HARDENED_RUNTIME = YES;
				ENABLE_PREVIEWS = YES;
				GENERATE_INFOPLIST_FILE = YES;
				"INFOPLIST_KEY_UIApplicationSceneManifest_Generation[sdk=iphoneos*]" = YES;
				"INFOPLIST_KEY_UIApplicationSceneManifest_Generation[sdk=iphonesimulator*]" = YES;
				"INFOPLIST_KEY_UIApplicationSupportsIndirectInputEvents[sdk=iphoneos*]" = YES;
				"INFOPLIST_KEY_UIApplicationSupportsIndirectInputEvents[sdk=iphonesimulator*]" = YES;
				"INFOPLIST_KEY_UILaunchScreen_Generation[sdk=iphoneos*]" = YES;
				"INFOPLIST_KEY_UILaunchScreen_Generation[sdk=iphonesimulator*]" = YES;
				"INFOPLIST_KEY_UIStatusBarStyle[sdk=iphoneos*]" = UIStatusBarStyleDefault;
				"INFOPLIST_KEY_UIStatusBarStyle[sdk=iphonesimulator*]" = UIStatusBarStyleDefault;
				INFOPLIST_KEY_UISupportedInterfaceOrientations_iPad = "UIInterfaceOrientationPortrait UIInterfaceOrientationPortraitUpsideDown UIInterfaceOrientationLandscapeLeft UIInterfaceOrientationLandscapeRight";
				INFOPLIST_KEY_UISupportedInterfaceOrientations_iPhone = "UIInterfaceOrientationPortrait UIInterfaceOrientationLandscapeLeft UIInterfaceOrientationLandscapeRight";
				IPHONEOS_DEPLOYMENT_TARGET = 17.5;
				LD_RUNPATH_SEARCH_PATHS = "@executable_path/Frameworks";
				"LD_RUNPATH_SEARCH_PATHS[sdk=macosx*]" = "@executable_path/../Frameworks";
				MACOSX_DEPLOYMENT_TARGET = 14.0;
				MARKETING_VERSION = 1.0;
				PRODUCT_BUNDLE_IDENTIFIER = eliseyutong.cashcows;
				PRODUCT_NAME = "$(TARGET_NAME)";
				SDKROOT = auto;
				SUPPORTED_PLATFORMS = "iphoneos iphonesimulator macosx";
				SWIFT_EMIT_LOC_STRINGS = YES;
				SWIFT_VERSION = 5.0;
				TARGETED_DEVICE_FAMILY = "1,2";
			};
			name = Release;
		};
		C7FBBA352C2D59C7000A968F /* Debug */ = {
			isa = XCBuildConfiguration;
			buildSettings = {
				ALWAYS_EMBED_SWIFT_STANDARD_LIBRARIES = YES;
				BUNDLE_LOADER = "$(TEST_HOST)";
				CODE_SIGN_STYLE = Automatic;
				CURRENT_PROJECT_VERSION = 1;
				DEVELOPMENT_TEAM = L6AL42UD7S;
				GENERATE_INFOPLIST_FILE = YES;
				IPHONEOS_DEPLOYMENT_TARGET = 17.5;
				MACOSX_DEPLOYMENT_TARGET = 14.5;
				MARKETING_VERSION = 1.0;
				PRODUCT_BUNDLE_IDENTIFIER = eliseyutong.cashcowsTests;
				PRODUCT_NAME = "$(TARGET_NAME)";
				SDKROOT = auto;
				SUPPORTED_PLATFORMS = "iphoneos iphonesimulator macosx";
				SWIFT_EMIT_LOC_STRINGS = NO;
				SWIFT_VERSION = 5.0;
				TARGETED_DEVICE_FAMILY = "1,2";
				TEST_HOST = "$(BUILT_PRODUCTS_DIR)/cashcows.app/$(BUNDLE_EXECUTABLE_FOLDER_PATH)/cashcows";
			};
			name = Debug;
		};
		C7FBBA362C2D59C7000A968F /* Release */ = {
			isa = XCBuildConfiguration;
			buildSettings = {
				ALWAYS_EMBED_SWIFT_STANDARD_LIBRARIES = YES;
				BUNDLE_LOADER = "$(TEST_HOST)";
				CODE_SIGN_STYLE = Automatic;
				CURRENT_PROJECT_VERSION = 1;
				DEVELOPMENT_TEAM = L6AL42UD7S;
				GENERATE_INFOPLIST_FILE = YES;
				IPHONEOS_DEPLOYMENT_TARGET = 17.5;
				MACOSX_DEPLOYMENT_TARGET = 14.5;
				MARKETING_VERSION = 1.0;
				PRODUCT_BUNDLE_IDENTIFIER = eliseyutong.cashcowsTests;
				PRODUCT_NAME = "$(TARGET_NAME)";
				SDKROOT = auto;
				SUPPORTED_PLATFORMS = "iphoneos iphonesimulator macosx";
				SWIFT_EMIT_LOC_STRINGS = NO;
				SWIFT_VERSION = 5.0;
				TARGETED_DEVICE_FAMILY = "1,2";
				TEST_HOST = "$(BUILT_PRODUCTS_DIR)/cashcows.app/$(BUNDLE_EXECUTABLE_FOLDER_PATH)/cashcows";
			};
			name = Release;
		};
		C7FBBA382C2D59C7000A968F /* Debug */ = {
			isa = XCBuildConfiguration;
			buildSettings = {
				ALWAYS_EMBED_SWIFT_STANDARD_LIBRARIES = YES;
				CODE_SIGN_STYLE = Automatic;
				CURRENT_PROJECT_VERSION = 1;
				DEVELOPMENT_TEAM = L6AL42UD7S;
				GENERATE_INFOPLIST_FILE = YES;
				IPHONEOS_DEPLOYMENT_TARGET = 17.5;
				MACOSX_DEPLOYMENT_TARGET = 14.5;
				MARKETING_VERSION = 1.0;
				PRODUCT_BUNDLE_IDENTIFIER = eliseyutong.cashcowsUITests;
				PRODUCT_NAME = "$(TARGET_NAME)";
				SDKROOT = auto;
				SUPPORTED_PLATFORMS = "iphoneos iphonesimulator macosx";
				SWIFT_EMIT_LOC_STRINGS = NO;
				SWIFT_VERSION = 5.0;
				TARGETED_DEVICE_FAMILY = "1,2";
				TEST_TARGET_NAME = cashcows;
			};
			name = Debug;
		};
		C7FBBA392C2D59C7000A968F /* Release */ = {
			isa = XCBuildConfiguration;
			buildSettings = {
				ALWAYS_EMBED_SWIFT_STANDARD_LIBRARIES = YES;
				CODE_SIGN_STYLE = Automatic;
				CURRENT_PROJECT_VERSION = 1;
				DEVELOPMENT_TEAM = L6AL42UD7S;
				GENERATE_INFOPLIST_FILE = YES;
				IPHONEOS_DEPLOYMENT_TARGET = 17.5;
				MACOSX_DEPLOYMENT_TARGET = 14.5;
				MARKETING_VERSION = 1.0;
				PRODUCT_BUNDLE_IDENTIFIER = eliseyutong.cashcowsUITests;
				PRODUCT_NAME = "$(TARGET_NAME)";
				SDKROOT = auto;
				SUPPORTED_PLATFORMS = "iphoneos iphonesimulator macosx";
				SWIFT_EMIT_LOC_STRINGS = NO;
				SWIFT_VERSION = 5.0;
				TARGETED_DEVICE_FAMILY = "1,2";
				TEST_TARGET_NAME = cashcows;
			};
			name = Release;
		};
/* End XCBuildConfiguration section */

/* Begin XCConfigurationList section */
		C7FBBA052C2D59C1000A968F /* Build configuration list for PBXProject "cashcows" */ = {
			isa = XCConfigurationList;
			buildConfigurations = (
				C7FBBA2F2C2D59C7000A968F /* Debug */,
				C7FBBA302C2D59C7000A968F /* Release */,
			);
			defaultConfigurationIsVisible = 0;
			defaultConfigurationName = Release;
		};
		C7FBBA312C2D59C7000A968F /* Build configuration list for PBXNativeTarget "cashcows" */ = {
			isa = XCConfigurationList;
			buildConfigurations = (
				C7FBBA322C2D59C7000A968F /* Debug */,
				C7FBBA332C2D59C7000A968F /* Release */,
			);
			defaultConfigurationIsVisible = 0;
			defaultConfigurationName = Release;
		};
		C7FBBA342C2D59C7000A968F /* Build configuration list for PBXNativeTarget "cashcowsTests" */ = {
			isa = XCConfigurationList;
			buildConfigurations = (
				C7FBBA352C2D59C7000A968F /* Debug */,
				C7FBBA362C2D59C7000A968F /* Release */,
			);
			defaultConfigurationIsVisible = 0;
			defaultConfigurationName = Release;
		};
		C7FBBA372C2D59C7000A968F /* Build configuration list for PBXNativeTarget "cashcowsUITests" */ = {
			isa = XCConfigurationList;
			buildConfigurations = (
				C7FBBA382C2D59C7000A968F /* Debug */,
				C7FBBA392C2D59C7000A968F /* Release */,
			);
			defaultConfigurationIsVisible = 0;
			defaultConfigurationName = Release;
		};
/* End XCConfigurationList section */
	};
	rootObject = C7FBBA022C2D59C1000A968F /* Project object */;
}
